{
  "lockfileVersion": 1,
  "configVersion": 0,
  "workspaces": {
    "": {
      "dependencies": {
        "@codingame/monaco-vscode-all-language-default-extensions": "30.0.0",
        "@codingame/monaco-vscode-api": "30.0.0",
        "@codingame/monaco-vscode-languages-service-override": "30.0.0",
        "@codingame/monaco-vscode-standalone-css-language-features": "30.0.0",
        "@codingame/monaco-vscode-standalone-html-language-features": "30.0.0",
        "@codingame/monaco-vscode-standalone-json-language-features": "30.0.0",
        "@codingame/monaco-vscode-standalone-typescript-language-features": "30.0.0",
        "@codingame/monaco-vscode-textmate-service-override": "30.0.0",
        "@codingame/monaco-vscode-theme-defaults-default-extension": "30.0.0",
        "@codingame/monaco-vscode-theme-service-override": "30.0.0",
        "monaco-editor": "npm:@codingame/monaco-vscode-editor-api@30.0.0",
      },
      "devDependencies": {
        "vite": "^6.0.0",
      },
    },
  },
  "packages": {
    "@codingame/monaco-vscode-all-language-default-extensions": ["@codingame/monaco-vscode-all-language-default-extensions@30.0.0", "", { "dependencies": { "@codingame/monaco-vscode-bat-default-extension": "30.0.0", "@codingame/monaco-vscode-clojure-default-extension": "30.0.0", "@codingame/monaco-vscode-coffeescript-default-extension": "30.0.0", "@codingame/monaco-vscode-configuration-editing-default-extension": "30.0.0", "@codingame/monaco-vscode-cpp-default-extension": "30.0.0", "@codingame/monaco-vscode-csharp-default-extension": "30.0.0", "@codingame/monaco-vscode-css-default-extension": "30.0.0", "@codingame/monaco-vscode-dart-default-extension": "30.0.0", "@codingame/monaco-vscode-diff-default-extension": "30.0.0", "@codingame/monaco-vscode-docker-default-extension": "30.0.0", "@codingame/monaco-vscode-dotenv-default-extension": "30.0.0", "@codingame/monaco-vscode-extension-editing-default-extension": "30.0.0", "@codingame/monaco-vscode-fsharp-default-extension": "30.0.0", "@codingame/monaco-vscode-git-base-default-extension": "30.0.0", "@codingame/monaco-vscode-go-default-extension": "30.0.0", "@codingame/monaco-vscode-groovy-default-extension": "30.0.0", "@codingame/monaco-vscode-handlebars-default-extension": "30.0.0", "@codingame/monaco-vscode-hlsl-default-extension": "30.0.0", "@codingame/monaco-vscode-html-default-extension": "30.0.0", "@codingame/monaco-vscode-ini-default-extension": "30.0.0", "@codingame/monaco-vscode-java-default-extension": "30.0.0", "@codingame/monaco-vscode-javascript-default-extension": "30.0.0", "@codingame/monaco-vscode-json-default-extension": "30.0.0", "@codingame/monaco-vscode-julia-default-extension": "30.0.0", "@codingame/monaco-vscode-latex-default-extension": "30.0.0", "@codingame/monaco-vscode-less-default-extension": "30.0.0", "@codingame/monaco-vscode-log-default-extension": "30.0.0", "@codingame/monaco-vscode-lua-default-extension": "30.0.0", "@codingame/monaco-vscode-make-default-extension": "30.0.0", "@codingame/monaco-vscode-markdown-basics-default-extension": "30.0.0", "@codingame/monaco-vscode-markdown-math-default-extension": "30.0.0", "@codingame/monaco-vscode-npm-default-extension": "30.0.0", "@codingame/monaco-vscode-objective-c-default-extension": "30.0.0", "@codingame/monaco-vscode-perl-default-extension": "30.0.0", "@codingame/monaco-vscode-php-default-extension": "30.0.0", "@codingame/monaco-vscode-powershell-default-extension": "30.0.0", "@codingame/monaco-vscode-prompt-basics-default-extension": "30.0.0", "@codingame/monaco-vscode-pug-default-extension": "30.0.0", "@codingame/monaco-vscode-python-default-extension": "30.0.0", "@codingame/monaco-vscode-r-default-extension": "30.0.0", "@codingame/monaco-vscode-razor-default-extension": "30.0.0", "@codingame/monaco-vscode-restructuredtext-default-extension": "30.0.0", "@codingame/monaco-vscode-ruby-default-extension": "30.0.0", "@codingame/monaco-vscode-rust-default-extension": "30.0.0", "@codingame/monaco-vscode-scss-default-extension": "30.0.0", "@codingame/monaco-vscode-search-result-default-extension": "30.0.0", "@codingame/monaco-vscode-shaderlab-default-extension": "30.0.0", "@codingame/monaco-vscode-shellscript-default-extension": "30.0.0", "@codingame/monaco-vscode-sql-default-extension": "30.0.0", "@codingame/monaco-vscode-swift-default-extension": "30.0.0", "@codingame/monaco-vscode-typescript-basics-default-extension": "30.0.0", "@codingame/monaco-vscode-vb-default-extension": "30.0.0", "@codingame/monaco-vscode-xml-default-extension": "30.0.0", "@codingame/monaco-vscode-yaml-default-extension": "30.0.0" } }, "sha512-4ZaKU5JErdd7pqiA/6FG8mNZe8MmO3CtQ+sfoC7OBnqAQT7GH0qjwW+nfGJWLLBWfjQFvnbq4f0plcXK6lMzZQ=="],

    "@codingame/monaco-vscode-api": ["@codingame/monaco-vscode-api@30.0.0", "", { "dependencies": { "@codingame/monaco-vscode-base-service-override": "30.0.0", "@codingame/monaco-vscode-environment-service-override": "30.0.0", "@codingame/monaco-vscode-extensions-service-override": "30.0.0", "@codingame/monaco-vscode-files-service-override": "30.0.0", "@codingame/monaco-vscode-host-service-override": "30.0.0", "@codingame/monaco-vscode-layout-service-override": "30.0.0", "@codingame/monaco-vscode-quickaccess-service-override": "30.0.0", "@vscode/iconv-lite-umd": "0.7.1", "dompurify": "3.3.3", "jschardet": "3.1.4", "marked": "14.0.0" } }, "sha512-qXy5h5B0fghp+5WDoSJV2XnczXjk3nuS4DHiqiYkDpgEqoBSOHwbeee19n9ZuQS/7VkY79/1kmXrTQfJuvycLw=="],

    "@codingame/monaco-vscode-base-service-override": ["@codingame/monaco-vscode-base-service-override@30.0.0", "", { "dependencies": { "@codingame/monaco-vscode-api": "30.0.0" } }, "sha512-jZHbbVQF+gA0WWz+e2R6n93K68YiOlnyiqiKm/zaVWEgBWMVx64UMjDjtPDVKvAyZXc+7P8ecNOkFGm3UmVKhQ=="],

    "@codingame/monaco-vscode-bat-default-extension": ["@codingame/monaco-vscode-bat-default-extension@30.0.0", "", { "dependencies": { "@codingame/monaco-vscode-api": "30.0.0" } }, "sha512-v6GTcdDRVT59cGSHmPUmiWJlUff/m/58qqTqXlTp0yboUBRzzZ8vEdHPuTy4VWVhXAdoChWJe+IuVN0DxgH7yA=="],

    "@codingame/monaco-vscode-clojure-default-extension": ["@codingame/monaco-vscode-clojure-default-extension@30.0.0", "", { "dependencies": { "@codingame/monaco-vscode-api": "30.0.0" } }, "sha512-CfuGz7FQoyZ0ztS09ft71gkQ0wQyvpzzeBz4sHRV7ZA/bHJRy4P6XfFHQ6Alpa6WE1J0L8OpFyzRUGKyEEi4Pw=="],

    "@codingame/monaco-vscode-coffeescript-default-extension": ["@codingame/monaco-vscode-coffeescript-default-extension@30.0.0", "", { "dependencies": { "@codingame/monaco-vscode-api": "30.0.0" } }, "sha512-JEFg8S2SnziDdW/edbij+szi9LrkLPhFcOHLIw9g7hJ4Co2LF+noFDygA2j/PQGV1yQnTL/LkJfkLnqP24zJlg=="],

    "@codingame/monaco-vscode-configuration-editing-default-extension": ["@codingame/monaco-vscode-configuration-editing-default-extension@30.0.0", "", { "dependencies": { "@codingame/monaco-vscode-api": "30.0.0" } }, "sha512-t96uqT1P0Kr2YOmesMA1GG0hNHofnAyzz97J/OawR/OTG1HlnvIocpi+tiAJSUhfjVnbdSPnEX+V7pYpEDedHg=="],

    "@codingame/monaco-vscode-cpp-default-extension": ["@codingame/monaco-vscode-cpp-default-extension@30.0.0", "", { "dependencies": { "@codingame/monaco-vscode-api": "30.0.0" } }, "sha512-1s7BTwZGDGncu+JvhoYCpeb6i3AHeFoN/fa7ky+EW3ZsxRSeSoSgf6DmoG6/pjZ0jVP1wLH/RWbEsaMoUiHNzA=="],

    "@codingame/monaco-vscode-csharp-default-extension": ["@codingame/monaco-vscode-csharp-default-extension@30.0.0", "", { "dependencies": { "@codingame/monaco-vscode-api": "30.0.0" } }, "sha512-fkAF+hQPwoxYgXb4A/VteIoAWpbPk7GWggEBrq/2HQYPTsUQnJ6J+uTFoZ1SPFFOgtWx8NKbZooXquc7yfTMTQ=="],

    "@codingame/monaco-vscode-css-default-extension": ["@codingame/monaco-vscode-css-default-extension@30.0.0", "", { "dependencies": { "@codingame/monaco-vscode-api": "30.0.0" } }, "sha512-TZmSjLbIJyzTPWyvLStRGQqarJnrxvLjoTwRiCYdezvKB4uA6x8gRUvDZWpowfTcIT7ZHo1jAMIvpXvlYT5hUQ=="],

    "@codingame/monaco-vscode-dart-default-extension": ["@codingame/monaco-vscode-dart-default-extension@30.0.0", "", { "dependencies": { "@codingame/monaco-vscode-api": "30.0.0" } }, "sha512-EnDMA7h0V1mt2wHuU0vnmVLV/aSk7DJmAOF52kV5yE/XWoxajLSFhH6fP1RR2PajdCzEj61rQMuF+97J8Eq/nQ=="],

    "@codingame/monaco-vscode-diff-default-extension": ["@codingame/monaco-vscode-diff-default-extension@30.0.0", "", { "dependencies": { "@codingame/monaco-vscode-api": "30.0.0" } }, "sha512-xHkBbKJc2KIVkP5wtHFY7UT8Ay9vo336pw6/5q4tp4ItoVxlsI2ATsrm4Ljbq7ZWi53YQ849IxeZ3qVA6XuZoQ=="],

    "@codingame/monaco-vscode-docker-default-extension": ["@codingame/monaco-vscode-docker-default-extension@30.0.0", "", { "dependencies": { "@codingame/monaco-vscode-api": "30.0.0" } }, "sha512-MDHZ9sf+b29te97pOSLelQnvsu8mhJFpa+NJHb9KLDgaRbjRWDNlWCO6VSiRr893Z/h6znCdxozOUT7uc8ef9A=="],

    "@codingame/monaco-vscode-dotenv-default-extension": ["@codingame/monaco-vscode-dotenv-default-extension@30.0.0", "", { "dependencies": { "@codingame/monaco-vscode-api": "30.0.0" } }, "sha512-Z7pkbZxw76bGrtXrOA24uDIRP1TIMlvGBAbIjorchkAsmIiEtYpSstJVXeRZLDgQ1eYkNaSlEge93dMBe3zeAw=="],

    "@codingame/monaco-vscode-environment-service-override": ["@codingame/monaco-vscode-environment-service-override@30.0.0", "", { "dependencies": { "@codingame/monaco-vscode-api": "30.0.0" } }, "sha512-Cfgb2bEghNvpUR1tM0GK4nv8DVFJtaijYOsbg5mR/G3TstWHqh07NprPBWXbVXIPwnUaF0Ul8MnbDhFzVbQi7Q=="],

    "@codingame/monaco-vscode-extension-editing-default-extension": ["@codingame/monaco-vscode-extension-editing-default-extension@30.0.0", "", { "dependencies": { "@codingame/monaco-vscode-api": "30.0.0" } }, "sha512-nJsweOwEqzOdjc1zFGYtXJ0IUWMFnN9VV2Zh/9ocdY0cxROo5GZ2gLyCsfQn/vxMU1SV14grEay3Z33yFO4NfQ=="],

    "@codingame/monaco-vscode-extensions-service-override": ["@codingame/monaco-vscode-extensions-service-override@30.0.0", "", { "dependencies": { "@codingame/monaco-vscode-api": "30.0.0", "@codingame/monaco-vscode-files-service-override": "30.0.0" } }, "sha512-fUfEyLWAJabOvwbfTIy+Lk1DbCeggGmixk7/CxqdsFZp4lJkqSnHsK1VqxQGm0JvCWsa2dny5SowN8wCO9RNsg=="],

    "@codingame/monaco-vscode-files-service-override": ["@codingame/monaco-vscode-files-service-override@30.0.0", "", { "dependencies": { "@codingame/monaco-vscode-api": "30.0.0" } }, "sha512-Js6xlKGg7/4DU1dZ5yidQUIy9SRVcm2bVY8ULmZsVYQSrrfeUBBxYWZm2OEIj2FTcGJrEJOx+cyksNiEvNztrw=="],

    "@codingame/monaco-vscode-fsharp-default-extension": ["@codingame/monaco-vscode-fsharp-default-extension@30.0.0", "", { "dependencies": { "@codingame/monaco-vscode-api": "30.0.0" } }, "sha512-yEEGHpHxEFpJp4gWnZ6sjFRMhzPU40aU36Ejr4Nrll0tlGVM8BsXv7jXy8qmAjyWDbaFmcXBCalefWMatMhOLQ=="],

    "@codingame/monaco-vscode-git-base-default-extension": ["@codingame/monaco-vscode-git-base-default-extension@30.0.0", "", { "dependencies": { "@codingame/monaco-vscode-api": "30.0.0" } }, "sha512-qIYeNdhHn1EU+ej1976nAIkNd3wfJWOzoL0lVUePiFAvS8JMDHHgbeWkyUURvSSgAq97MdtsUFMMre2sCkymXw=="],

    "@codingame/monaco-vscode-go-default-extension": ["@codingame/monaco-vscode-go-default-extension@30.0.0", "", { "dependencies": { "@codingame/monaco-vscode-api": "30.0.0" } }, "sha512-nWHDx49V1+rtGO/OR4XrCFLPr5Z48kfA2af0FBFkdDXM/si3btzu9DzC42vmdtzAtfzUuXtFmG3wuOIDHwoGSg=="],

    "@codingame/monaco-vscode-groovy-default-extension": ["@codingame/monaco-vscode-groovy-default-extension@30.0.0", "", { "dependencies": { "@codingame/monaco-vscode-api": "30.0.0" } }, "sha512-xRhqDKYwM54hPCJPeqHzpyxk2dFCShH4GnFy0cJc723gXU1I9N6cHwK6UlxqZHrKgobbURSmYIPpHuAza8fHeg=="],

    "@codingame/monaco-vscode-handlebars-default-extension": ["@codingame/monaco-vscode-handlebars-default-extension@30.0.0", "", { "dependencies": { "@codingame/monaco-vscode-api": "30.0.0" } }, "sha512-CJl/WOMIWhoo4/v6XeL/lZlsJ3BoJTSDFg7jgl+qS/gfo9Ej2tszRXSMgikWtIaWEAOkhEEkLpSR6juDgRwEpw=="],

    "@codingame/monaco-vscode-hlsl-default-extension": ["@codingame/monaco-vscode-hlsl-default-extension@30.0.0", "", { "dependencies": { "@codingame/monaco-vscode-api": "30.0.0" } }, "sha512-LkHZduVqmfBFYXoQxGKE7kvF+w6nShQLopMVbdBNX3HXWvHaCUc/WkTnQYed7A5dtz/2Vbp/QBuV1/n5LU+dWg=="],

    "@codingame/monaco-vscode-host-service-override": ["@codingame/monaco-vscode-host-service-override@30.0.0", "", { "dependencies": { "@codingame/monaco-vscode-api": "30.0.0" } }, "sha512-a50IgD/LGw97T7wObPFVm0gMCWXZomvW/EoND71eiGVaii3F+TPunCZMr8wqsXqjwdr/EPhxfCBYSlcieHngKA=="],

    "@codingame/monaco-vscode-html-default-extension": ["@codingame/monaco-vscode-html-default-extension@30.0.0", "", { "dependencies": { "@codingame/monaco-vscode-api": "30.0.0" } }, "sha512-ZhsBx8+XiCKdrL6jnCh36y/w9Wq70brCKtch5P/XIaSEZ9eo9vTWUPaf91+gLdyBKE8rFgvHeFv+47DeBT/J5A=="],

    "@codingame/monaco-vscode-ini-default-extension": ["@codingame/monaco-vscode-ini-default-extension@30.0.0", "", { "dependencies": { "@codingame/monaco-vscode-api": "30.0.0" } }, "sha512-A9ckVaKfA0Mad6PDlUkJh+TYo1HIvEF1J1WDYV9v/CExPldNhFNaL4Zg+X/YtAXcRe2QNtuwQ+p91tcjPifyuw=="],

    "@codingame/monaco-vscode-java-default-extension": ["@codingame/monaco-vscode-java-default-extension@30.0.0", "", { "dependencies": { "@codingame/monaco-vscode-api": "30.0.0" } }, "sha512-vZYetBv8xPv0wREMDLxJ1uD60V0jhE58Dg5X4MW+UZBsdyMtSKpVPyf8AwvxjCpZBErc4Ab89I9//cYMeYiP7Q=="],

    "@codingame/monaco-vscode-javascript-default-extension": ["@codingame/monaco-vscode-javascript-default-extension@30.0.0", "", { "dependencies": { "@codingame/monaco-vscode-api": "30.0.0" } }, "sha512-v4h8i6CKyPwxm59vIM1+OG2b+OkW+xhueXEkKIu+IXC2ozGiUfuifdUEckPoW6KSI5RbHpWIC9u9XMDlhHaNVw=="],

    "@codingame/monaco-vscode-json-default-extension": ["@codingame/monaco-vscode-json-default-extension@30.0.0", "", { "dependencies": { "@codingame/monaco-vscode-api": "30.0.0" } }, "sha512-Xni5OOegNcwQsZJdsZ2wrO8VcRPb8uAqtcYsrO8D6SI19I5qqXm7ifBaEENq2As0ot8h3VJHR3k994EZh53/7Q=="],

    "@codingame/monaco-vscode-julia-default-extension": ["@codingame/monaco-vscode-julia-default-extension@30.0.0", "", { "dependencies": { "@codingame/monaco-vscode-api": "30.0.0" } }, "sha512-PNENStN/w9/PeHBz4QNQe5akZKi+guu7B1vDFhSPMZkkZchxa71UrobklCfkly0z6MvHk89rAeImO3+uzgJ7jw=="],

    "@codingame/monaco-vscode-languages-service-override": ["@codingame/monaco-vscode-languages-service-override@30.0.0", "", { "dependencies": { "@codingame/monaco-vscode-api": "30.0.0", "@codingame/monaco-vscode-files-service-override": "30.0.0" } }, "sha512-9egr1f2ZPzHkiOOenUJiX/LcVIX2ziC+OG+pjnr7u9E0rdDFhKECDz3dbppXjuP7jGWM1tcAMyYXqjXYVKAAOg=="],

    "@codingame/monaco-vscode-latex-default-extension": ["@codingame/monaco-vscode-latex-default-extension@30.0.0", "", { "dependencies": { "@codingame/monaco-vscode-api": "30.0.0" } }, "sha512-HMHD4/u0SCYL0CeUerxPUomnMsJQ/X0bTYIamaDdSo1qylZcLe/Av6uWnH/yAytZ9OU8JdTiimmjjqenwLH8ow=="],

    "@codingame/monaco-vscode-layout-service-override": ["@codingame/monaco-vscode-layout-service-override@30.0.0", "", { "dependencies": { "@codingame/monaco-vscode-api": "30.0.0" } }, "sha512-iXjNrd2aE/Nb+BUlCnfIKMqGmEACqy8mu+nC7XU9gAjBLTdp8Vne2k50Rpc+niy+fHXgeTNOY3vg4hXH64SBgQ=="],

    "@codingame/monaco-vscode-less-default-extension": ["@codingame/monaco-vscode-less-default-extension@30.0.0", "", { "dependencies": { "@codingame/monaco-vscode-api": "30.0.0" } }, "sha512-vRYet3VkXZxPl27Z306Xw75OLPvnLl8nsRY7zHZRArAGaQrCvCSIIYfi/hiVdnKE5mLbxh5ntT8Ig897aiDWdw=="],

    "@codingame/monaco-vscode-log-default-extension": ["@codingame/monaco-vscode-log-default-extension@30.0.0", "", { "dependencies": { "@codingame/monaco-vscode-api": "30.0.0" } }, "sha512-bMADESDoXY7yRpFJ0yF7Rq5sBfqKIH1D5WVq2ql1Z2DoCUGEEwvfDMOHKwgrxb2L6xqAO/RvzSvTpJ+qn3lSew=="],

    "@codingame/monaco-vscode-lua-default-extension": ["@codingame/monaco-vscode-lua-default-extension@30.0.0", "", { "dependencies": { "@codingame/monaco-vscode-api": "30.0.0" } }, "sha512-LygbfGLin+fMPJ5AWrbUDi5Dy1hF3GlsUH7T80Qc1En+PIeDjIL1qdZqAG1lrzx//oorNUNGmuiz2b0ZuRfhbA=="],

    "@codingame/monaco-vscode-make-default-extension": ["@codingame/monaco-vscode-make-default-extension@30.0.0", "", { "dependencies": { "@codingame/monaco-vscode-api": "30.0.0" } }, "sha512-rt6LylLrywI+8Hk2qJKPzS2HCUkCFa/w5IgdUpZUGxDDZC6v/3WoU1Pb2AJEiVUFqFKTQuqjo9h0poro4nyFOQ=="],

    "@codingame/monaco-vscode-markdown-basics-default-extension": ["@codingame/monaco-vscode-markdown-basics-default-extension@30.0.0", "", { "dependencies": { "@codingame/monaco-vscode-api": "30.0.0" } }, "sha512-yI1R0Gla5iaXyC2L/35jPD+D0l9Ss2onhNNP6UkJ/qVH3vGbMPvNgNRuQQgU9TuvmJD6Vao1nKDzVkpOr026Kg=="],

    "@codingame/monaco-vscode-markdown-math-default-extension": ["@codingame/monaco-vscode-markdown-math-default-extension@30.0.0", "", { "dependencies": { "@codingame/monaco-vscode-api": "30.0.0" } }, "sha512-oAJ2Fqcp9MUP9QhCiHSV+nRE8i6od4o+M1CViBcvSiXl8ouf6jEQ+AVaFdmdjtyGRs4gjxF2LRCKBcCAIzyHUQ=="],

    "@codingame/monaco-vscode-npm-default-extension": ["@codingame/monaco-vscode-npm-default-extension@30.0.0", "", { "dependencies": { "@codingame/monaco-vscode-api": "30.0.0" } }, "sha512-08hxrlES19dhJLZqAAj4bywmzzohHaBtzQDRbHG2WYoUDsGGGbUTg7EzWhqTUyIYMpzONSD6pv/fV2jQM8q+zw=="],

    "@codingame/monaco-vscode-objective-c-default-extension": ["@codingame/monaco-vscode-objective-c-default-extension@30.0.0", "", { "dependencies": { "@codingame/monaco-vscode-api": "30.0.0" } }, "sha512-if01eBsDGrAxbY35BSdYYA7+6NG7QgUzApLusriGStldMek80uYjcen0NpW/X/tfl/FkMTsakLZUY4iNtXVgBA=="],

    "@codingame/monaco-vscode-perl-default-extension": ["@codingame/monaco-vscode-perl-default-extension@30.0.0", "", { "dependencies": { "@codingame/monaco-vscode-api": "30.0.0" } }, "sha512-adnVeMB2xoCY1JDP+gjcSYYSmxA/eDElS6dMoVDAdF+fxQxaRgknD5smaKw4nzkF0p49AbhNMrFPU41MK04LvA=="],

    "@codingame/monaco-vscode-php-default-extension": ["@codingame/monaco-vscode-php-default-extension@30.0.0", "", { "dependencies": { "@codingame/monaco-vscode-api": "30.0.0" } }, "sha512-3b4+pw0/P8+MdXAZkfrC4uncEYmATEGpkqIyFvle2Ok/Fh4XnBm6VJe3JTNXoklcXLeTJHpxLRxsHBroEGOg+Q=="],

    "@codingame/monaco-vscode-powershell-default-extension": ["@codingame/monaco-vscode-powershell-default-extension@30.0.0", "", { "dependencies": { "@codingame/monaco-vscode-api": "30.0.0" } }, "sha512-OFbFOGLVNoVOsfuLLZJKLIZ5tR67k5xFgFUixg2N4KlqOJuyuCOIxSdPSFxEJ9j7AjEbAL0lucsUaT56QS+cBQ=="],

    "@codingame/monaco-vscode-prompt-basics-default-extension": ["@codingame/monaco-vscode-prompt-basics-default-extension@30.0.0", "", { "dependencies": { "@codingame/monaco-vscode-api": "30.0.0" } }, "sha512-zMsl0fW1ocnbGX1r1YnZp1rG17Aw6IO+zHBC8k7CHaomErlnMt6CzI7Iusv8yMZaLj62BKAtBAHho4mwH7z8xg=="],

    "@codingame/monaco-vscode-pug-default-extension": ["@codingame/monaco-vscode-pug-default-extension@30.0.0", "", { "dependencies": { "@codingame/monaco-vscode-api": "30.0.0" } }, "sha512-/z0WPsAfejMMt1OdKXTdW2GLNiDNi+Seu0vE9DV7B6ebD+pphr38zhWq9T8CPPk6sDVeqXuvfIrswN4ffjLUgA=="],

    "@codingame/monaco-vscode-python-default-extension": ["@codingame/monaco-vscode-python-default-extension@30.0.0", "", { "dependencies": { "@codingame/monaco-vscode-api": "30.0.0" } }, "sha512-bjxHHr+uLh/955HRuQQplRqGlIrIc3Hrp0GSsKA1CcyrZGHZUeNStuJur5r2DrV//ugANQnKgAAdm4IDw93meg=="],

    "@codingame/monaco-vscode-quickaccess-service-override": ["@codingame/monaco-vscode-quickaccess-service-override@30.0.0", "", { "dependencies": { "@codingame/monaco-vscode-api": "30.0.0" } }, "sha512-XUpbBgM55A/Up5jAjhwunHnCQuR/n1DRE7ri895VyceXdFm0CcGD6dScHJN1kxcHPVxAD6ocygk8B6LH0qTHMg=="],

    "@codingame/monaco-vscode-r-default-extension": ["@codingame/monaco-vscode-r-default-extension@30.0.0", "", { "dependencies": { "@codingame/monaco-vscode-api": "30.0.0" } }, "sha512-QgJpAlEiQ8N1EhK1DNq2gjtpPv3O3d4NuhkJe7UG+LmyxvyCg2Ddv9V+rhXgVNHQEQMVOSpYMxmYhq2lEon8SA=="],

    "@codingame/monaco-vscode-razor-default-extension": ["@codingame/monaco-vscode-razor-default-extension@30.0.0", "", { "dependencies": { "@codingame/monaco-vscode-api": "30.0.0" } }, "sha512-ZIyrKCEsqBtQUpbhXI3EndizAg8kbV7N9vqReyrgIdgAZDkjpSTx2mRdPtuomwR0VuOGk59VY4cQfW1KrmjebQ=="],

    "@codingame/monaco-vscode-restructuredtext-default-extension": ["@codingame/monaco-vscode-restructuredtext-default-extension@30.0.0", "", { "dependencies": { "@codingame/monaco-vscode-api": "30.0.0" } }, "sha512-cghqTi0K2TiTS4dVRwJm7oZKmgec/4D37hT4ZA0zjGu/jaJm0UsRwhYo/Hb8qiynkTVs9F7aHwFaHd0J/A1gmw=="],

    "@codingame/monaco-vscode-ruby-default-extension": ["@codingame/monaco-vscode-ruby-default-extension@30.0.0", "", { "dependencies": { "@codingame/monaco-vscode-api": "30.0.0" } }, "sha512-dq0yjN5ehW1LhFh9YWr+Ym7IacpZxgp9JRTb3PCHgjX+SlYI9LpMqssrQb8CT0euqBQu+WsJGjJybWEF0/i8VA=="],

    "@codingame/monaco-vscode-rust-default-extension": ["@codingame/monaco-vscode-rust-default-extension@30.0.0", "", { "dependencies": { "@codingame/monaco-vscode-api": "30.0.0" } }, "sha512-s7TIBflp1HQCkD1AQLIOGby1xzkBpcgNHUyCRIv5cjzXZsuHO/56rw0H5/eXHaFZ4iZ3hEyY5/zW2C969R1JYw=="],

    "@codingame/monaco-vscode-scss-default-extension": ["@codingame/monaco-vscode-scss-default-extension@30.0.0", "", { "dependencies": { "@codingame/monaco-vscode-api": "30.0.0" } }, "sha512-Vg9yzX7DmEZ+0YQsfVa9Ozqjk05EsHBcQeeLHw69wX2aO3aQZ8G+yvQBMPAIZKhI/apQj0wPMFg8icJ/p1ftwQ=="],

    "@codingame/monaco-vscode-search-result-default-extension": ["@codingame/monaco-vscode-search-result-default-extension@30.0.0", "", { "dependencies": { "@codingame/monaco-vscode-api": "30.0.0" } }, "sha512-TaGbBr6JyrfPZqQCeD21DI5cKvEHMID20mNEHPv/UYMXtLznJil8sJzr9uERbVszYGtbqZt2l/UJlIWPAiNkWQ=="],

    "@codingame/monaco-vscode-shaderlab-default-extension": ["@codingame/monaco-vscode-shaderlab-default-extension@30.0.0", "", { "dependencies": { "@codingame/monaco-vscode-api": "30.0.0" } }, "sha512-3BeecgdYbaZoczFAAFhWnZCvpZ/bNOVrugBUaKlLWvPChZvb8eu4j2xnM1tDCI7Vs70Q+4O32fOYtpO6kx42Og=="],

    "@codingame/monaco-vscode-shellscript-default-extension": ["@codingame/monaco-vscode-shellscript-default-extension@30.0.0", "", { "dependencies": { "@codingame/monaco-vscode-api": "30.0.0" } }, "sha512-GED4g8y48FoQFFNvfoSCeJF3TfcxcggpFhyf9m+N/OloYBa5d26afuVfBax7ZDgMQg31ck6d0vUWdbyOOjSvKw=="],

    "@codingame/monaco-vscode-sql-default-extension": ["@codingame/monaco-vscode-sql-default-extension@30.0.0", "", { "dependencies": { "@codingame/monaco-vscode-api": "30.0.0" } }, "sha512-W1PFR0UVUe9bJpjk/cmIPvmeXCXxvP0DIujlU8x6dBxR+Li3f2T6yORGOsLmn+Mka59rtl830lX+Obvdq994Kw=="],

    "@codingame/monaco-vscode-standalone-css-language-features": ["@codingame/monaco-vscode-standalone-css-language-features@30.0.0", "", { "dependencies": { "monaco-editor": "npm:@codingame/monaco-vscode-editor-api@30.0.0", "vscode-css-languageservice": "6.2.14", "vscode-languageserver-textdocument": "1.0.12", "vscode-languageserver-types": "3.17.5" } }, "sha512-iML1BM4TOcFiYDrCkD+PcETa/lhxKsUvYBKN4JqayFJqBVEPNpCL/cHbbtCJBw3iVX0f5jFM0STEpcTUSHEY9g=="],

    "@codingame/monaco-vscode-standalone-html-language-features": ["@codingame/monaco-vscode-standalone-html-language-features@30.0.0", "", { "dependencies": { "monaco-editor": "npm:@codingame/monaco-vscode-editor-api@30.0.0", "vscode-html-languageservice": "5.2.0", "vscode-languageserver-textdocument": "1.0.12", "vscode-languageserver-types": "3.17.5" } }, "sha512-rz8bwg0uw7+b1W3oIZ37RBEdVTovPSbonJUSJtjdXVHxhtYHMDOijvtlrfrPQ22nDGfkHLaiQtLRYivMa7s9pg=="],

    "@codingame/monaco-vscode-standalone-json-language-features": ["@codingame/monaco-vscode-standalone-json-language-features@30.0.0", "", { "dependencies": { "jsonc-parser": "3.3.1", "monaco-editor": "npm:@codingame/monaco-vscode-editor-api@30.0.0", "vscode-json-languageservice": "5.3.11", "vscode-languageserver-textdocument": "1.0.12", "vscode-languageserver-types": "3.17.5", "vscode-uri": "3.0.8" } }, "sha512-6bO9XvwKeqy9fDODSaPGQEGTvgBZr/VQqaOAHG2Us94iUGTRoPy5a7XMLdyqYEH2qkEubsBv1mjD8qGPOEjWBA=="],

    "@codingame/monaco-vscode-standalone-typescript-language-features": ["@codingame/monaco-vscode-standalone-typescript-language-features@30.0.0", "", { "dependencies": { "monaco-editor": "npm:@codingame/monaco-vscode-editor-api@30.0.0" } }, "sha512-bEC9mCb92wVjnwiL2/djuEoExexpb1S/lI85bUvw2HSzWYpg6qRZ8nkKaSJxfpX/1MUyGSSt93DyCSE16mdKXA=="],

    "@codingame/monaco-vscode-swift-default-extension": ["@codingame/monaco-vscode-swift-default-extension@30.0.0", "", { "dependencies": { "@codingame/monaco-vscode-api": "30.0.0" } }, "sha512-bqFUUVZu/lQdbnI3WCzjlMWZuIRLRsWru23I6uViH/50+c3QfrInj2TYMjJvMqHFF0F/EPl9q9qhcLavpnHvJw=="],

    "@codingame/monaco-vscode-textmate-service-override": ["@codingame/monaco-vscode-textmate-service-override@30.0.0", "", { "dependencies": { "@codingame/monaco-vscode-api": "30.0.0", "@codingame/monaco-vscode-files-service-override": "30.0.0" } }, "sha512-Z5firDCJ4eRmlViy/jkRwhdIrswgMz9DSD9kOYzaMetlA0+xxPy+zc4+ubXSlUZxI1inL0/5aIjSWpcpnEdl4g=="],

    "@codingame/monaco-vscode-theme-defaults-default-extension": ["@codingame/monaco-vscode-theme-defaults-default-extension@30.0.0", "", { "dependencies": { "@codingame/monaco-vscode-api": "30.0.0" } }, "sha512-3kFT495stUKWKDr6OUz2OeYuj/E7YI6eyY1kuzDFBEmx8i6Gdg02k2ap8183u+ChYMnQpvXOF36c5XkZHsIQTQ=="],

    "@codingame/monaco-vscode-theme-service-override": ["@codingame/monaco-vscode-theme-service-override@30.0.0", "", { "dependencies": { "@codingame/monaco-vscode-api": "30.0.0", "@codingame/monaco-vscode-files-service-override": "30.0.0" } }, "sha512-ry2LRPulgXAEoxNwzRoQ4DJ+aHGfEEPSn/Vo4W/oeyZI3ndzjdOuLWyevTpv4fMK3RP22leJk7QbWPPD9DbGEA=="],

    "@codingame/monaco-vscode-typescript-basics-default-extension": ["@codingame/monaco-vscode-typescript-basics-default-extension@30.0.0", "", { "dependencies": { "@codingame/monaco-vscode-api": "30.0.0" } }, "sha512-PZD1MqVLFnVJ0vAm1XcA4oM1P8WuDjExCQvEYWKUYmdOL6VHex2mjZUQ08tn2LtYD/1WhclHbi1tYgyFZyULaw=="],

    "@codingame/monaco-vscode-vb-default-extension": ["@codingame/monaco-vscode-vb-default-extension@30.0.0", "", { "dependencies": { "@codingame/monaco-vscode-api": "30.0.0" } }, "sha512-Cqae7RzG0CgErxcc/cHbNi30ZwxWkl/wpFP6c+Dz3vODgOkWgMYE8nfBq+QNhQojPog6CCFeTe+IXtcD4ajAWQ=="],

    "@codingame/monaco-vscode-xml-default-extension": ["@codingame/monaco-vscode-xml-default-extension@30.0.0", "", { "dependencies": { "@codingame/monaco-vscode-api": "30.0.0" } }, "sha512-+dXwpXQGKRi203+B5XN+HpJZOs8rnET+AkrTcpM69V0T6SFSlItOTiFMGWOTYemmL598X/0ohhzyQ0QCHuWkdQ=="],

    "@codingame/monaco-vscode-yaml-default-extension": ["@codingame/monaco-vscode-yaml-default-extension@30.0.0", "", { "dependencies": { "@codingame/monaco-vscode-api": "30.0.0" } }, "sha512-2ViR17KuivxyY1cGzobdqO9Z14eGxFpSz0UggcP6RI7wsj84qDCSQ7H5O/uc8L4/Bz3aA432rSSiLwveraLU5g=="],

    "@esbuild/aix-ppc64": ["@esbuild/aix-ppc64@0.25.12", "", { "os": "aix", "cpu": "ppc64" }, "sha512-Hhmwd6CInZ3dwpuGTF8fJG6yoWmsToE+vYgD4nytZVxcu1ulHpUQRAB1UJ8+N1Am3Mz4+xOByoQoSZf4D+CpkA=="],

    "@esbuild/android-arm": ["@esbuild/android-arm@0.25.12", "", { "os": "android", "cpu": "arm" }, "sha512-VJ+sKvNA/GE7Ccacc9Cha7bpS8nyzVv0jdVgwNDaR4gDMC/2TTRc33Ip8qrNYUcpkOHUT5OZ0bUcNNVZQ9RLlg=="],

    "@esbuild/android-arm64": ["@esbuild/android-arm64@0.25.12", "", { "os": "android", "cpu": "arm64" }, "sha512-6AAmLG7zwD1Z159jCKPvAxZd4y/VTO0VkprYy+3N2FtJ8+BQWFXU+OxARIwA46c5tdD9SsKGZ/1ocqBS/gAKHg=="],

    "@esbuild/android-x64": ["@esbuild/android-x64@0.25.12", "", { "os": "android", "cpu": "x64" }, "sha512-5jbb+2hhDHx5phYR2By8GTWEzn6I9UqR11Kwf22iKbNpYrsmRB18aX/9ivc5cabcUiAT/wM+YIZ6SG9QO6a8kg=="],

    "@esbuild/darwin-arm64": ["@esbuild/darwin-arm64@0.25.12", "", { "os": "darwin", "cpu": "arm64" }, "sha512-N3zl+lxHCifgIlcMUP5016ESkeQjLj/959RxxNYIthIg+CQHInujFuXeWbWMgnTo4cp5XVHqFPmpyu9J65C1Yg=="],

    "@esbuild/darwin-x64": ["@esbuild/darwin-x64@0.25.12", "", { "os": "darwin", "cpu": "x64" }, "sha512-HQ9ka4Kx21qHXwtlTUVbKJOAnmG1ipXhdWTmNXiPzPfWKpXqASVcWdnf2bnL73wgjNrFXAa3yYvBSd9pzfEIpA=="],

    "@esbuild/freebsd-arm64": ["@esbuild/freebsd-arm64@0.25.12", "", { "os": "freebsd", "cpu": "arm64" }, "sha512-gA0Bx759+7Jve03K1S0vkOu5Lg/85dou3EseOGUes8flVOGxbhDDh/iZaoek11Y8mtyKPGF3vP8XhnkDEAmzeg=="],

    "@esbuild/freebsd-x64": ["@esbuild/freebsd-x64@0.25.12", "", { "os": "freebsd", "cpu": "x64" }, "sha512-TGbO26Yw2xsHzxtbVFGEXBFH0FRAP7gtcPE7P5yP7wGy7cXK2oO7RyOhL5NLiqTlBh47XhmIUXuGciXEqYFfBQ=="],

    "@esbuild/linux-arm": ["@esbuild/linux-arm@0.25.12", "", { "os": "linux", "cpu": "arm" }, "sha512-lPDGyC1JPDou8kGcywY0YILzWlhhnRjdof3UlcoqYmS9El818LLfJJc3PXXgZHrHCAKs/Z2SeZtDJr5MrkxtOw=="],

    "@esbuild/linux-arm64": ["@esbuild/linux-arm64@0.25.12", "", { "os": "linux", "cpu": "arm64" }, "sha512-8bwX7a8FghIgrupcxb4aUmYDLp8pX06rGh5HqDT7bB+8Rdells6mHvrFHHW2JAOPZUbnjUpKTLg6ECyzvas2AQ=="],

    "@esbuild/linux-ia32": ["@esbuild/linux-ia32@0.25.12", "", { "os": "linux", "cpu": "ia32" }, "sha512-0y9KrdVnbMM2/vG8KfU0byhUN+EFCny9+8g202gYqSSVMonbsCfLjUO+rCci7pM0WBEtz+oK/PIwHkzxkyharA=="],

    "@esbuild/linux-loong64": ["@esbuild/linux-loong64@0.25.12", "", { "os": "linux", "cpu": "none" }, "sha512-h///Lr5a9rib/v1GGqXVGzjL4TMvVTv+s1DPoxQdz7l/AYv6LDSxdIwzxkrPW438oUXiDtwM10o9PmwS/6Z0Ng=="],

    "@esbuild/linux-mips64el": ["@esbuild/linux-mips64el@0.25.12", "", { "os": "linux", "cpu": "none" }, "sha512-iyRrM1Pzy9GFMDLsXn1iHUm18nhKnNMWscjmp4+hpafcZjrr2WbT//d20xaGljXDBYHqRcl8HnxbX6uaA/eGVw=="],

    "@esbuild/linux-ppc64": ["@esbuild/linux-ppc64@0.25.12", "", { "os": "linux", "cpu": "ppc64" }, "sha512-9meM/lRXxMi5PSUqEXRCtVjEZBGwB7P/D4yT8UG/mwIdze2aV4Vo6U5gD3+RsoHXKkHCfSxZKzmDssVlRj1QQA=="],

    "@esbuild/linux-riscv64": ["@esbuild/linux-riscv64@0.25.12", "", { "os": "linux", "cpu": "none" }, "sha512-Zr7KR4hgKUpWAwb1f3o5ygT04MzqVrGEGXGLnj15YQDJErYu/BGg+wmFlIDOdJp0PmB0lLvxFIOXZgFRrdjR0w=="],

    "@esbuild/linux-s390x": ["@esbuild/linux-s390x@0.25.12", "", { "os": "linux", "cpu": "s390x" }, "sha512-MsKncOcgTNvdtiISc/jZs/Zf8d0cl/t3gYWX8J9ubBnVOwlk65UIEEvgBORTiljloIWnBzLs4qhzPkJcitIzIg=="],

    "@esbuild/linux-x64": ["@esbuild/linux-x64@0.25.12", "", { "os": "linux", "cpu": "x64" }, "sha512-uqZMTLr/zR/ed4jIGnwSLkaHmPjOjJvnm6TVVitAa08SLS9Z0VM8wIRx7gWbJB5/J54YuIMInDquWyYvQLZkgw=="],

    "@esbuild/netbsd-arm64": ["@esbuild/netbsd-arm64@0.25.12", "", { "os": "none", "cpu": "arm64" }, "sha512-xXwcTq4GhRM7J9A8Gv5boanHhRa/Q9KLVmcyXHCTaM4wKfIpWkdXiMog/KsnxzJ0A1+nD+zoecuzqPmCRyBGjg=="],

    "@esbuild/netbsd-x64": ["@esbuild/netbsd-x64@0.25.12", "", { "os": "none", "cpu": "x64" }, "sha512-Ld5pTlzPy3YwGec4OuHh1aCVCRvOXdH8DgRjfDy/oumVovmuSzWfnSJg+VtakB9Cm0gxNO9BzWkj6mtO1FMXkQ=="],

    "@esbuild/openbsd-arm64": ["@esbuild/openbsd-arm64@0.25.12", "", { "os": "openbsd", "cpu": "arm64" }, "sha512-fF96T6KsBo/pkQI950FARU9apGNTSlZGsv1jZBAlcLL1MLjLNIWPBkj5NlSz8aAzYKg+eNqknrUJ24QBybeR5A=="],

    "@esbuild/openbsd-x64": ["@esbuild/openbsd-x64@0.25.12", "", { "os": "openbsd", "cpu": "x64" }, "sha512-MZyXUkZHjQxUvzK7rN8DJ3SRmrVrke8ZyRusHlP+kuwqTcfWLyqMOE3sScPPyeIXN/mDJIfGXvcMqCgYKekoQw=="],

    "@esbuild/openharmony-arm64": ["@esbuild/openharmony-arm64@0.25.12", "", { "os": "none", "cpu": "arm64" }, "sha512-rm0YWsqUSRrjncSXGA7Zv78Nbnw4XL6/dzr20cyrQf7ZmRcsovpcRBdhD43Nuk3y7XIoW2OxMVvwuRvk9XdASg=="],

    "@esbuild/sunos-x64": ["@esbuild/sunos-x64@0.25.12", "", { "os": "sunos", "cpu": "x64" }, "sha512-3wGSCDyuTHQUzt0nV7bocDy72r2lI33QL3gkDNGkod22EsYl04sMf0qLb8luNKTOmgF/eDEDP5BFNwoBKH441w=="],

    "@esbuild/win32-arm64": ["@esbuild/win32-arm64@0.25.12", "", { "os": "win32", "cpu": "arm64" }, "sha512-rMmLrur64A7+DKlnSuwqUdRKyd3UE7oPJZmnljqEptesKM8wx9J8gx5u0+9Pq0fQQW8vqeKebwNXdfOyP+8Bsg=="],

    "@esbuild/win32-ia32": ["@esbuild/win32-ia32@0.25.12", "", { "os": "win32", "cpu": "ia32" }, "sha512-HkqnmmBoCbCwxUKKNPBixiWDGCpQGVsrQfJoVGYLPT41XWF8lHuE5N6WhVia2n4o5QK5M4tYr21827fNhi4byQ=="],

    "@esbuild/win32-x64": ["@esbuild/win32-x64@0.25.12", "", { "os": "win32", "cpu": "x64" }, "sha512-alJC0uCZpTFrSL0CCDjcgleBXPnCrEAhTBILpeAp7M/OFgoqtAetfBzX0xM00MUsVVPpVjlPuMbREqnZCXaTnA=="],

    "@rollup/rollup-android-arm-eabi": ["@rollup/rollup-android-arm-eabi@4.60.1", "", { "os": "android", "cpu": "arm" }, "sha512-d6FinEBLdIiK+1uACUttJKfgZREXrF0Qc2SmLII7W2AD8FfiZ9Wjd+rD/iRuf5s5dWrr1GgwXCvPqOuDquOowA=="],

    "@rollup/rollup-android-arm64": ["@rollup/rollup-android-arm64@4.60.1", "", { "os": "android", "cpu": "arm64" }, "sha512-YjG/EwIDvvYI1YvYbHvDz/BYHtkY4ygUIXHnTdLhG+hKIQFBiosfWiACWortsKPKU/+dUwQQCKQM3qrDe8c9BA=="],

    "@rollup/rollup-darwin-arm64": ["@rollup/rollup-darwin-arm64@4.60.1", "", { "os": "darwin", "cpu": "arm64" }, "sha512-mjCpF7GmkRtSJwon+Rq1N8+pI+8l7w5g9Z3vWj4T7abguC4Czwi3Yu/pFaLvA3TTeMVjnu3ctigusqWUfjZzvw=="],

    "@rollup/rollup-darwin-x64": ["@rollup/rollup-darwin-x64@4.60.1", "", { "os": "darwin", "cpu": "x64" }, "sha512-haZ7hJ1JT4e9hqkoT9R/19XW2QKqjfJVv+i5AGg57S+nLk9lQnJ1F/eZloRO3o9Scy9CM3wQ9l+dkXtcBgN5Ew=="],

    "@rollup/rollup-freebsd-arm64": ["@rollup/rollup-freebsd-arm64@4.60.1", "", { "os": "freebsd", "cpu": "arm64" }, "sha512-czw90wpQq3ZsAVBlinZjAYTKduOjTywlG7fEeWKUA7oCmpA8xdTkxZZlwNJKWqILlq0wehoZcJYfBvOyhPTQ6w=="],

    "@rollup/rollup-freebsd-x64": ["@rollup/rollup-freebsd-x64@4.60.1", "", { "os": "freebsd", "cpu": "x64" }, "sha512-KVB2rqsxTHuBtfOeySEyzEOB7ltlB/ux38iu2rBQzkjbwRVlkhAGIEDiiYnO2kFOkJp+Z7pUXKyrRRFuFUKt+g=="],

    "@rollup/rollup-linux-arm-gnueabihf": ["@rollup/rollup-linux-arm-gnueabihf@4.60.1", "", { "os": "linux", "cpu": "arm" }, "sha512-L+34Qqil+v5uC0zEubW7uByo78WOCIrBvci69E7sFASRl0X7b/MB6Cqd1lky/CtcSVTydWa2WZwFuWexjS5o6g=="],

    "@rollup/rollup-linux-arm-musleabihf": ["@rollup/rollup-linux-arm-musleabihf@4.60.1", "", { "os": "linux", "cpu": "arm" }, "sha512-n83O8rt4v34hgFzlkb1ycniJh7IR5RCIqt6mz1VRJD6pmhRi0CXdmfnLu9dIUS6buzh60IvACM842Ffb3xd6Gg=="],

    "@rollup/rollup-linux-arm64-gnu": ["@rollup/rollup-linux-arm64-gnu@4.60.1", "", { "os": "linux", "cpu": "arm64" }, "sha512-Nql7sTeAzhTAja3QXeAI48+/+GjBJ+QmAH13snn0AJSNL50JsDqotyudHyMbO2RbJkskbMbFJfIJKWA6R1LCJQ=="],

    "@rollup/rollup-linux-arm64-musl": ["@rollup/rollup-linux-arm64-musl@4.60.1", "", { "os": "linux", "cpu": "arm64" }, "sha512-+pUymDhd0ys9GcKZPPWlFiZ67sTWV5UU6zOJat02M1+PiuSGDziyRuI/pPue3hoUwm2uGfxdL+trT6Z9rxnlMA=="],

    "@rollup/rollup-linux-loong64-gnu": ["@rollup/rollup-linux-loong64-gnu@4.60.1", "", { "os": "linux", "cpu": "none" }, "sha512-VSvgvQeIcsEvY4bKDHEDWcpW4Yw7BtlKG1GUT4FzBUlEKQK0rWHYBqQt6Fm2taXS+1bXvJT6kICu5ZwqKCnvlQ=="],

    "@rollup/rollup-linux-loong64-musl": ["@rollup/rollup-linux-loong64-musl@4.60.1", "", { "os": "linux", "cpu": "none" }, "sha512-4LqhUomJqwe641gsPp6xLfhqWMbQV04KtPp7/dIp0nzPxAkNY1AbwL5W0MQpcalLYk07vaW9Kp1PBhdpZYYcEw=="],

    "@rollup/rollup-linux-ppc64-gnu": ["@rollup/rollup-linux-ppc64-gnu@4.60.1", "", { "os": "linux", "cpu": "ppc64" }, "sha512-tLQQ9aPvkBxOc/EUT6j3pyeMD6Hb8QF2BTBnCQWP/uu1lhc9AIrIjKnLYMEroIz/JvtGYgI9dF3AxHZNaEH0rw=="],

    "@rollup/rollup-linux-ppc64-musl": ["@rollup/rollup-linux-ppc64-musl@4.60.1", "", { "os": "linux", "cpu": "ppc64" }, "sha512-RMxFhJwc9fSXP6PqmAz4cbv3kAyvD1etJFjTx4ONqFP9DkTkXsAMU4v3Vyc5BgzC+anz7nS/9tp4obsKfqkDHg=="],

    "@rollup/rollup-linux-riscv64-gnu": ["@rollup/rollup-linux-riscv64-gnu@4.60.1", "", { "os": "linux", "cpu": "none" }, "sha512-QKgFl+Yc1eEk6MmOBfRHYF6lTxiiiV3/z/BRrbSiW2I7AFTXoBFvdMEyglohPj//2mZS4hDOqeB0H1ACh3sBbg=="],

    "@rollup/rollup-linux-riscv64-musl": ["@rollup/rollup-linux-riscv64-musl@4.60.1", "", { "os": "linux", "cpu": "none" }, "sha512-RAjXjP/8c6ZtzatZcA1RaQr6O1TRhzC+adn8YZDnChliZHviqIjmvFwHcxi4JKPSDAt6Uhf/7vqcBzQJy0PDJg=="],

    "@rollup/rollup-linux-s390x-gnu": ["@rollup/rollup-linux-s390x-gnu@4.60.1", "", { "os": "linux", "cpu": "s390x" }, "sha512-wcuocpaOlaL1COBYiA89O6yfjlp3RwKDeTIA0hM7OpmhR1Bjo9j31G1uQVpDlTvwxGn2nQs65fBFL5UFd76FcQ=="],

    "@rollup/rollup-linux-x64-gnu": ["@rollup/rollup-linux-x64-gnu@4.60.1", "", { "os": "linux", "cpu": "x64" }, "sha512-77PpsFQUCOiZR9+LQEFg9GClyfkNXj1MP6wRnzYs0EeWbPcHs02AXu4xuUbM1zhwn3wqaizle3AEYg5aeoohhg=="],

    "@rollup/rollup-linux-x64-musl": ["@rollup/rollup-linux-x64-musl@4.60.1", "", { "os": "linux", "cpu": "x64" }, "sha512-5cIATbk5vynAjqqmyBjlciMJl1+R/CwX9oLk/EyiFXDWd95KpHdrOJT//rnUl4cUcskrd0jCCw3wpZnhIHdD9w=="],

    "@rollup/rollup-openbsd-x64": ["@rollup/rollup-openbsd-x64@4.60.1", "", { "os": "openbsd", "cpu": "x64" }, "sha512-cl0w09WsCi17mcmWqqglez9Gk8isgeWvoUZ3WiJFYSR3zjBQc2J5/ihSjpl+VLjPqjQ/1hJRcqBfLjssREQILw=="],

    "@rollup/rollup-openharmony-arm64": ["@rollup/rollup-openharmony-arm64@4.60.1", "", { "os": "none", "cpu": "arm64" }, "sha512-4Cv23ZrONRbNtbZa37mLSueXUCtN7MXccChtKpUnQNgF010rjrjfHx3QxkS2PI7LqGT5xXyYs1a7LbzAwT0iCA=="],

    "@rollup/rollup-win32-arm64-msvc": ["@rollup/rollup-win32-arm64-msvc@4.60.1", "", { "os": "win32", "cpu": "arm64" }, "sha512-i1okWYkA4FJICtr7KpYzFpRTHgy5jdDbZiWfvny21iIKky5YExiDXP+zbXzm3dUcFpkEeYNHgQ5fuG236JPq0g=="],

    "@rollup/rollup-win32-ia32-msvc": ["@rollup/rollup-win32-ia32-msvc@4.60.1", "", { "os": "win32", "cpu": "ia32" }, "sha512-u09m3CuwLzShA0EYKMNiFgcjjzwqtUMLmuCJLeZWjjOYA3IT2Di09KaxGBTP9xVztWyIWjVdsB2E9goMjZvTQg=="],

    "@rollup/rollup-win32-x64-gnu": ["@rollup/rollup-win32-x64-gnu@4.60.1", "", { "os": "win32", "cpu": "x64" }, "sha512-k+600V9Zl1CM7eZxJgMyTUzmrmhB/0XZnF4pRypKAlAgxmedUA+1v9R+XOFv56W4SlHEzfeMtzujLJD22Uz5zg=="],

    "@rollup/rollup-win32-x64-msvc": ["@rollup/rollup-win32-x64-msvc@4.60.1", "", { "os": "win32", "cpu": "x64" }, "sha512-lWMnixq/QzxyhTV6NjQJ4SFo1J6PvOX8vUx5Wb4bBPsEb+8xZ89Bz6kOXpfXj9ak9AHTQVQzlgzBEc1SyM27xQ=="],

    "@types/estree": ["@types/estree@1.0.8", "", {}, "sha512-dWHzHa2WqEXI/O1E9OjrocMTKJl2mSrEolh1Iomrv6U+JuNwaHXsXx9bLu5gG7BUWFIN0skIQJQ/L1rIex4X6w=="],

    "@types/trusted-types": ["@types/trusted-types@2.0.7", "", {}, "sha512-ScaPdn1dQczgbl0QFTeTOmVHFULt394XJgOQNoyVhZ6r2vLnMLJfBPd53SB52T/3G36VI1/g2MZaX0cwDuXsfw=="],

    "@vscode/iconv-lite-umd": ["@vscode/iconv-lite-umd@0.7.1", "", {}, "sha512-tK6k0DXFHW7q5+GGuGZO+phpAqpxO4WXl+BLc/8/uOk3RsM2ssAL3CQUQDb1TGfwltjsauhN6S4ghYZzs4sPFw=="],

    "@vscode/l10n": ["@vscode/l10n@0.0.18", "", {}, "sha512-KYSIHVmslkaCDyw013pphY+d7x1qV8IZupYfeIfzNA+nsaWHbn5uPuQRvdRFsa9zFzGeudPuoGoZ1Op4jrJXIQ=="],

    "dompurify": ["dompurify@3.3.3", "", { "optionalDependencies": { "@types/trusted-types": "^2.0.7" } }, "sha512-Oj6pzI2+RqBfFG+qOaOLbFXLQ90ARpcGG6UePL82bJLtdsa6CYJD7nmiU8MW9nQNOtCHV3lZ/Bzq1X0QYbBZCA=="],

    "esbuild": ["esbuild@0.25.12", "", { "optionalDependencies": { "@esbuild/aix-ppc64": "0.25.12", "@esbuild/android-arm": "0.25.12", "@esbuild/android-arm64": "0.25.12", "@esbuild/android-x64": "0.25.12", "@esbuild/darwin-arm64": "0.25.12", "@esbuild/darwin-x64": "0.25.12", "@esbuild/freebsd-arm64": "0.25.12", "@esbuild/freebsd-x64": "0.25.12", "@esbuild/linux-arm": "0.25.12", "@esbuild/linux-arm64": "0.25.12", "@esbuild/linux-ia32": "0.25.12", "@esbuild/linux-loong64": "0.25.12", "@esbuild/linux-mips64el": "0.25.12", "@esbuild/linux-ppc64": "0.25.12", "@esbuild/linux-riscv64": "0.25.12", "@esbuild/linux-s390x": "0.25.12", "@esbuild/linux-x64": "0.25.12", "@esbuild/netbsd-arm64": "0.25.12", "@esbuild/netbsd-x64": "0.25.12", "@esbuild/openbsd-arm64": "0.25.12", "@esbuild/openbsd-x64": "0.25.12", "@esbuild/openharmony-arm64": "0.25.12", "@esbuild/sunos-x64": "0.25.12", "@esbuild/win32-arm64": "0.25.12", "@esbuild/win32-ia32": "0.25.12", "@esbuild/win32-x64": "0.25.12" }, "bin": "bin/esbuild" }, "sha512-bbPBYYrtZbkt6Os6FiTLCTFxvq4tt3JKall1vRwshA3fdVztsLAatFaZobhkBC8/BrPetoa0oksYoKXoG4ryJg=="],

    "fdir": ["fdir@6.5.0", "", { "peerDependencies": { "picomatch": "^3 || ^4" } }, "sha512-tIbYtZbucOs0BRGqPJkshJUYdL+SDH7dVM8gjy+ERp3WAUjLEFJE+02kanyHtwjWOnwrKYBiwAmM0p4kLJAnXg=="],

    "fsevents": ["fsevents@2.3.3", "", { "os": "darwin" }, "sha512-5xoDfX+fL7faATnagmWPpbFtwh/R77WmMMqqHGS65C3vvB0YHrgF+B1YmZ3441tMj5n63k0212XNoJwzlhffQw=="],

    "jschardet": ["jschardet@3.1.4", "", {}, "sha512-/kmVISmrwVwtyYU40iQUOp3SUPk2dhNCMsZBQX0R1/jZ8maaXJ/oZIzUOiyOqcgtLnETFKYChbJ5iDC/eWmFHg=="],

    "jsonc-parser": ["jsonc-parser@3.3.1", "", {}, "sha512-HUgH65KyejrUFPvHFPbqOY0rsFip3Bo5wb4ngvdi1EpCYWUQDC5V+Y7mZws+DLkr4M//zQJoanu1SP+87Dv1oQ=="],

    "marked": ["marked@14.0.0", "", { "bin": "bin/marked.js" }, "sha512-uIj4+faQ+MgHgwUW1l2PsPglZLOLOT1uErt06dAPtx2kjteLAkbsd/0FiYg/MGS+i7ZKLb7w2WClxHkzOOuryQ=="],

    "monaco-editor": ["@codingame/monaco-vscode-editor-api@30.0.0", "", { "dependencies": { "@codingame/monaco-vscode-api": "30.0.0" } }, "sha512-qhsc/CfqFiiXT/zRszNDw4FFw/IZuCMHT6/eF6BjtfxisHBpWHNgIW29RHy7UB6yD+6TgtYfvFILAN/4QU/N0A=="],

    "nanoid": ["nanoid@3.3.11", "", { "bin": "bin/nanoid.cjs" }, "sha512-N8SpfPUnUp1bK+PMYW8qSWdl9U+wwNWI4QKxOYDy9JAro3WMX7p2OeVRF9v+347pnakNevPmiHhNmZ2HbFA76w=="],

    "picocolors": ["picocolors@1.1.1", "", {}, "sha512-xceH2snhtb5M9liqDsmEw56le376mTZkEX/jEb/RxNFyegNul7eNslCXP9FDj/Lcu0X8KEyMceP2ntpaHrDEVA=="],

    "picomatch": ["picomatch@4.0.4", "", {}, "sha512-QP88BAKvMam/3NxH6vj2o21R6MjxZUAd6nlwAS/pnGvN9IVLocLHxGYIzFhg6fUQ+5th6P4dv4eW9jX3DSIj7A=="],

    "postcss": ["postcss@8.5.9", "", { "dependencies": { "nanoid": "^3.3.11", "picocolors": "^1.1.1", "source-map-js": "^1.2.1" } }, "sha512-7a70Nsot+EMX9fFU3064K/kdHWZqGVY+BADLyXc8Dfv+mTLLVl6JzJpPaCZ2kQL9gIJvKXSLMHhqdRRjwQeFtw=="],

    "rollup": ["rollup@4.60.1", "", { "dependencies": { "@types/estree": "1.0.8" }, "optionalDependencies": { "@rollup/rollup-android-arm-eabi": "4.60.1", "@rollup/rollup-android-arm64": "4.60.1", "@rollup/rollup-darwin-arm64": "4.60.1", "@rollup/rollup-darwin-x64": "4.60.1", "@rollup/rollup-freebsd-arm64": "4.60.1", "@rollup/rollup-freebsd-x64": "4.60.1", "@rollup/rollup-linux-arm-gnueabihf": "4.60.1", "@rollup/rollup-linux-arm-musleabihf": "4.60.1", "@rollup/rollup-linux-arm64-gnu": "4.60.1", "@rollup/rollup-linux-arm64-musl": "4.60.1", "@rollup/rollup-linux-loong64-gnu": "4.60.1", "@rollup/rollup-linux-loong64-musl": "4.60.1", "@rollup/rollup-linux-ppc64-gnu": "4.60.1", "@rollup/rollup-linux-ppc64-musl": "4.60.1", "@rollup/rollup-linux-riscv64-gnu": "4.60.1", "@rollup/rollup-linux-riscv64-musl": "4.60.1", "@rollup/rollup-linux-s390x-gnu": "4.60.1", "@rollup/rollup-linux-x64-gnu": "4.60.1", "@rollup/rollup-linux-x64-musl": "4.60.1", "@rollup/rollup-openbsd-x64": "4.60.1", "@rollup/rollup-openharmony-arm64": "4.60.1", "@rollup/rollup-win32-arm64-msvc": "4.60.1", "@rollup/rollup-win32-ia32-msvc": "4.60.1", "@rollup/rollup-win32-x64-gnu": "4.60.1", "@rollup/rollup-win32-x64-msvc": "4.60.1", "fsevents": "~2.3.2" }, "bin": "dist/bin/rollup" }, "sha512-VmtB2rFU/GroZ4oL8+ZqXgSA38O6GR8KSIvWmEFv63pQ0G6KaBH9s07PO8XTXP4vI+3UJUEypOfjkGfmSBBR0w=="],

    "source-map-js": ["source-map-js@1.2.1", "", {}, "sha512-UXWMKhLOwVKb728IUtQPXxfYU+usdybtUrK/8uGE8CQMvrhOpwvzDBwj0QhSL7MQc7vIsISBG8VQ8+IDQxpfQA=="],

    "tinyglobby": ["tinyglobby@0.2.16", "", { "dependencies": { "fdir": "^6.5.0", "picomatch": "^4.0.4" } }, "sha512-pn99VhoACYR8nFHhxqix+uvsbXineAasWm5ojXoN8xEwK5Kd3/TrhNn1wByuD52UxWRLy8pu+kRMniEi6Eq9Zg=="],

    "vite": ["vite@6.4.2", "", { "dependencies": { "esbuild": "^0.25.0", "fdir": "^6.4.4", "picomatch": "^4.0.2", "postcss": "^8.5.3", "rollup": "^4.34.9", "tinyglobby": "^0.2.13" }, "optionalDependencies": { "fsevents": "~2.3.3" }, "peerDependencies": { "@types/node": "^18.0.0 || ^20.0.0 || >=22.0.0", "jiti": ">=1.21.0", "less": "*", "lightningcss": "^1.21.0", "sass": "*", "sass-embedded": "*", "stylus": "*", "sugarss": "*", "terser": "^5.16.0", "tsx": "^4.8.1", "yaml": "^2.4.2" }, "optionalPeers": ["@types/node", "jiti", "less", "lightningcss", "sass", "sass-embedded", "stylus", "sugarss", "terser", "tsx", "yaml"], "bin": "bin/vite.js" }, "sha512-2N/55r4JDJ4gdrCvGgINMy+HH3iRpNIz8K6SFwVsA+JbQScLiC+clmAxBgwiSPgcG9U15QmvqCGWzMbqda5zGQ=="],

    "vscode-css-languageservice": ["vscode-css-languageservice@6.2.14", "", { "dependencies": { "@vscode/l10n": "^0.0.18", "vscode-languageserver-textdocument": "^1.0.11", "vscode-languageserver-types": "3.17.5", "vscode-uri": "^3.0.8" } }, "sha512-5UPQ9Y1sUTnuMyaMBpO7LrBkqjhEJb5eAwdUlDp+Uez8lry+Tspnk3+3p2qWS4LlNsr4p3v9WkZxUf1ltgFpgw=="],

    "vscode-html-languageservice": ["vscode-html-languageservice@5.2.0", "", { "dependencies": { "@vscode/l10n": "^0.0.18", "vscode-languageserver-textdocument": "^1.0.11", "vscode-languageserver-types": "^3.17.5", "vscode-uri": "^3.0.8" } }, "sha512-cdNMhyw57/SQzgUUGSIMQ66jikqEN6nBNyhx5YuOyj9310+eY9zw8Q0cXpiKzDX8aHYFewQEXRnigl06j/TVwQ=="],

    "vscode-json-languageservice": ["vscode-json-languageservice@5.3.11", "", { "dependencies": { "@vscode/l10n": "^0.0.18", "jsonc-parser": "^3.2.1", "vscode-languageserver-textdocument": "^1.0.11", "vscode-languageserver-types": "^3.17.5", "vscode-uri": "^3.0.8" } }, "sha512-WYS72Ymria3dn8ZbjtBbt5K71m05wY1Q6hpXV5JxUT0q75Ts0ljLmnZJAVpx8DjPgYbFD+Z8KHpWh2laKLUCtQ=="],

    "vscode-languageserver-textdocument": ["vscode-languageserver-textdocument@1.0.12", "", {}, "sha512-cxWNPesCnQCcMPeenjKKsOCKQZ/L6Tv19DTRIGuLWe32lyzWhihGVJ/rcckZXJxfdKCFvRLS3fpBIsV/ZGX4zA=="],

    "vscode-languageserver-types": ["vscode-languageserver-types@3.17.5", "", {}, "sha512-Ld1VelNuX9pdF39h2Hgaeb5hEZM2Z3jUrrMgWQAu82jMtZp7p3vJT3BzToKtZI7NgQssZje5o0zryOrhQvzQAg=="],

    "vscode-uri": ["vscode-uri@3.0.8", "", {}, "sha512-AyFQ0EVmsOZOlAnxoFOGOq1SQDWAB7C6aqMGS23svWAllfOaxbuFvcT8D1i8z3Gyn8fraVeZNNmN6e9bxxXkKw=="],
  }
}
